
Microsoft Visual Studio Solution File, Format Version 12.00
# Visual Studio Version 17
VisualStudioVersion = 17.9.34622.214
MinimumVisualStudioVersion = 10.0.40219.1
Project("{FAE04EC0-301F-11D3-BF4B-00C04F79EFBC}") = "EloadasProject", "EloadasProject.csproj", "{300868EB-0CE2-46A9-B463-D93CD52D5F00}"
EndProject
Project("{FAE04EC0-301F-11D3-BF4B-00C04F79EFBC}") = "TestEloadasProject", "..\TestEloadasProject\TestEloadasProject.csproj", "{B220C41C-9920-4044-B569-743A692F9645}"
EndProject
Global
	GlobalSection(SolutionConfigurationPlatforms) = preSolution
		Debug|Any CPU = Debug|Any CPU
		Release|Any CPU = Release|Any CPU
	EndGlobalSection
	GlobalSection(ProjectConfigurationPlatforms) = postSolution
		{300868EB-0CE2-46A9-B463-D93CD52D5F00}.Debug|Any CPU.ActiveCfg = Debug|Any CPU
		{300868EB-0CE2-46A9-B463-D93CD52D5F00}.Debug|Any CPU.Build.0 = Debug|Any CPU
		{300868EB-0CE2-46A9-B463-D93CD52D5F00}.Release|Any CPU.ActiveCfg = Release|Any CPU
		{300868EB-0CE2-46A9-B463-D93CD52D5F00}.Release|Any CPU.Build.0 = Release|Any CPU
		{B220C41C-9920-4044-B569-743A692F9645}.Debug|Any CPU.ActiveCfg = Debug|Any CPU
		{B220C41C-9920-4044-B569-743A692F9645}.Debug|Any CPU.Build.0 = Debug|Any CPU
		{B220C41C-9920-4044-B569-743A692F9645}.Release|Any CPU.ActiveCfg = Release|Any CPU
		{B220C41C-9920-4044-B569-743A692F9645}.Release|Any CPU.Build.0 = Release|Any CPU
	EndGlobalSection
	GlobalSection(SolutionProperties) = preSolution
		HideSolutionNode = FALSE
	EndGlobalSection
	GlobalSection(ExtensibilityGlobals) = postSolution
		SolutionGuid = {0D7E541C-9D82-419D-88EA-E26DB1AF44D1}
	EndGlobalSection
EndGlobal
